
Microsoft Visual Studio Solution File, Format Version 12.00
# Visual Studio Version 16
VisualStudioVersion = 16.0.31410.357
MinimumVisualStudioVersion = 10.0.40219.1
Project("{FAE04EC0-301F-11D3-BF4B-00C04F79EFBC}") = "ClassLibrary", "ClassLibrary\ClassLibrary.csproj", "{9CD4050B-6196-4D9E-AC96-8D4855B59F91}"
EndProject
Project("{FAE04EC0-301F-11D3-BF4B-00C04F79EFBC}") = "UI", "UI\UI.csproj", "{3ECFC0DE-25F6-4D83-9B26-A4FFB723928D}"
EndProject
Project("{FAE04EC0-301F-11D3-BF4B-00C04F79EFBC}") = "AppUI", "AppUI\AppUI.csproj", "{509F84CA-5202-4A0C-9FB6-BD98C7333A63}"
EndProject
Global
	GlobalSection(SolutionConfigurationPlatforms) = preSolution
		Debug|Any CPU = Debug|Any CPU
		Debug|ARM = Debug|ARM
		Debug|ARM64 = Debug|ARM64
		Debug|x64 = Debug|x64
		Debug|x86 = Debug|x86
		Release|Any CPU = Release|Any CPU
		Release|ARM = Release|ARM
		Release|ARM64 = Release|ARM64
		Release|x64 = Release|x64
		Release|x86 = Release|x86
	EndGlobalSection
	GlobalSection(ProjectConfigurationPlatforms) = postSolution
		{9CD4050B-6196-4D9E-AC96-8D4855B59F91}.Debug|Any CPU.ActiveCfg = Debug|Any CPU
		{9CD4050B-6196-4D9E-AC96-8D4855B59F91}.Debug|Any CPU.Build.0 = Debug|Any CPU
		{9CD4050B-6196-4D9E-AC96-8D4855B59F91}.Debug|ARM.ActiveCfg = Debug|ARM
		{9CD4050B-6196-4D9E-AC96-8D4855B59F91}.Debug|ARM.Build.0 = Debug|ARM
		{9CD4050B-6196-4D9E-AC96-8D4855B59F91}.Debug|ARM64.ActiveCfg = Debug|ARM64
		{9CD4050B-6196-4D9E-AC96-8D4855B59F91}.Debug|ARM64.Build.0 = Debug|ARM64
		{9CD4050B-6196-4D9E-AC96-8D4855B59F91}.Debug|x64.ActiveCfg = Debug|x64
		{9CD4050B-6196-4D9E-AC96-8D4855B59F91}.Debug|x64.Build.0 = Debug|x64
		{9CD4050B-6196-4D9E-AC96-8D4855B59F91}.Debug|x86.ActiveCfg = Debug|x86
		{9CD4050B-6196-4D9E-AC96-8D4855B59F91}.Debug|x86.Build.0 = Debug|x86
		{9CD4050B-6196-4D9E-AC96-8D4855B59F91}.Release|Any CPU.ActiveCfg = Release|Any CPU
		{9CD4050B-6196-4D9E-AC96-8D4855B59F91}.Release|Any CPU.Build.0 = Release|Any CPU
		{9CD4050B-6196-4D9E-AC96-8D4855B59F91}.Release|ARM.ActiveCfg = Release|ARM
		{9CD4050B-6196-4D9E-AC96-8D4855B59F91}.Release|ARM.Build.0 = Release|ARM
		{9CD4050B-6196-4D9E-AC96-8D4855B59F91}.Release|ARM64.ActiveCfg = Release|ARM64
		{9CD4050B-6196-4D9E-AC96-8D4855B59F91}.Release|ARM64.Build.0 = Release|ARM64
		{9CD4050B-6196-4D9E-AC96-8D4855B59F91}.Release|x64.ActiveCfg = Release|x64
		{9CD4050B-6196-4D9E-AC96-8D4855B59F91}.Release|x64.Build.0 = Release|x64
		{9CD4050B-6196-4D9E-AC96-8D4855B59F91}.Release|x86.ActiveCfg = Release|x86
		{9CD4050B-6196-4D9E-AC96-8D4855B59F91}.Release|x86.Build.0 = Release|x86
		{3ECFC0DE-25F6-4D83-9B26-A4FFB723928D}.Debug|Any CPU.ActiveCfg = Debug|x86
		{3ECFC0DE-25F6-4D83-9B26-A4FFB723928D}.Debug|ARM.ActiveCfg = Debug|ARM
		{3ECFC0DE-25F6-4D83-9B26-A4FFB723928D}.Debug|ARM.Build.0 = Debug|ARM
		{3ECFC0DE-25F6-4D83-9B26-A4FFB723928D}.Debug|ARM.Deploy.0 = Debug|ARM
		{3ECFC0DE-25F6-4D83-9B26-A4FFB723928D}.Debug|ARM64.ActiveCfg = Debug|ARM64
		{3ECFC0DE-25F6-4D83-9B26-A4FFB723928D}.Debug|ARM64.Build.0 = Debug|ARM64
		{3ECFC0DE-25F6-4D83-9B26-A4FFB723928D}.Debug|ARM64.Deploy.0 = Debug|ARM64
		{3ECFC0DE-25F6-4D83-9B26-A4FFB723928D}.Debug|x64.ActiveCfg = Debug|x64
		{3ECFC0DE-25F6-4D83-9B26-A4FFB723928D}.Debug|x64.Build.0 = Debug|x64
		{3ECFC0DE-25F6-4D83-9B26-A4FFB723928D}.Debug|x64.Deploy.0 = Debug|x64
		{3ECFC0DE-25F6-4D83-9B26-A4FFB723928D}.Debug|x86.ActiveCfg = Debug|x86
		{3ECFC0DE-25F6-4D83-9B26-A4FFB723928D}.Debug|x86.Build.0 = Debug|x86
		{3ECFC0DE-25F6-4D83-9B26-A4FFB723928D}.Debug|x86.Deploy.0 = Debug|x86
		{3ECFC0DE-25F6-4D83-9B26-A4FFB723928D}.Release|Any CPU.ActiveCfg = Release|x86
		{3ECFC0DE-25F6-4D83-9B26-A4FFB723928D}.Release|ARM.ActiveCfg = Release|ARM
		{3ECFC0DE-25F6-4D83-9B26-A4FFB723928D}.Release|ARM.Build.0 = Release|ARM
		{3ECFC0DE-25F6-4D83-9B26-A4FFB723928D}.Release|ARM.Deploy.0 = Release|ARM
		{3ECFC0DE-25F6-4D83-9B26-A4FFB723928D}.Release|ARM64.ActiveCfg = Release|ARM64
		{3ECFC0DE-25F6-4D83-9B26-A4FFB723928D}.Release|ARM64.Build.0 = Release|ARM64
		{3ECFC0DE-25F6-4D83-9B26-A4FFB723928D}.Release|ARM64.Deploy.0 = Release|ARM64
		{3ECFC0DE-25F6-4D83-9B26-A4FFB723928D}.Release|x64.ActiveCfg = Release|x64
		{3ECFC0DE-25F6-4D83-9B26-A4FFB723928D}.Release|x64.Build.0 = Release|x64
		{3ECFC0DE-25F6-4D83-9B26-A4FFB723928D}.Release|x64.Deploy.0 = Release|x64
		{3ECFC0DE-25F6-4D83-9B26-A4FFB723928D}.Release|x86.ActiveCfg = Release|x86
		{3ECFC0DE-25F6-4D83-9B26-A4FFB723928D}.Release|x86.Build.0 = Release|x86
		{3ECFC0DE-25F6-4D83-9B26-A4FFB723928D}.Release|x86.Deploy.0 = Release|x86
		{509F84CA-5202-4A0C-9FB6-BD98C7333A63}.Debug|Any CPU.ActiveCfg = Debug|x86
		{509F84CA-5202-4A0C-9FB6-BD98C7333A63}.Debug|ARM.ActiveCfg = Debug|ARM
		{509F84CA-5202-4A0C-9FB6-BD98C7333A63}.Debug|ARM.Build.0 = Debug|ARM
		{509F84CA-5202-4A0C-9FB6-BD98C7333A63}.Debug|ARM.Deploy.0 = Debug|ARM
		{509F84CA-5202-4A0C-9FB6-BD98C7333A63}.Debug|ARM64.ActiveCfg = Debug|ARM64
		{509F84CA-5202-4A0C-9FB6-BD98C7333A63}.Debug|ARM64.Build.0 = Debug|ARM64
		{509F84CA-5202-4A0C-9FB6-BD98C7333A63}.Debug|ARM64.Deploy.0 = Debug|ARM64
		{509F84CA-5202-4A0C-9FB6-BD98C7333A63}.Debug|x64.ActiveCfg = Debug|x64
		{509F84CA-5202-4A0C-9FB6-BD98C7333A63}.Debug|x64.Build.0 = Debug|x64
		{509F84CA-5202-4A0C-9FB6-BD98C7333A63}.Debug|x64.Deploy.0 = Debug|x64
		{509F84CA-5202-4A0C-9FB6-BD98C7333A63}.Debug|x86.ActiveCfg = Debug|x86
		{509F84CA-5202-4A0C-9FB6-BD98C7333A63}.Debug|x86.Build.0 = Debug|x86
		{509F84CA-5202-4A0C-9FB6-BD98C7333A63}.Debug|x86.Deploy.0 = Debug|x86
		{509F84CA-5202-4A0C-9FB6-BD98C7333A63}.Release|Any CPU.ActiveCfg = Release|x86
		{509F84CA-5202-4A0C-9FB6-BD98C7333A63}.Release|ARM.ActiveCfg = Release|ARM
		{509F84CA-5202-4A0C-9FB6-BD98C7333A63}.Release|ARM.Build.0 = Release|ARM
		{509F84CA-5202-4A0C-9FB6-BD98C7333A63}.Release|ARM.Deploy.0 = Release|ARM
		{509F84CA-5202-4A0C-9FB6-BD98C7333A63}.Release|ARM64.ActiveCfg = Release|ARM64
		{509F84CA-5202-4A0C-9FB6-BD98C7333A63}.Release|ARM64.Build.0 = Release|ARM64
		{509F84CA-5202-4A0C-9FB6-BD98C7333A63}.Release|ARM64.Deploy.0 = Release|ARM64
		{509F84CA-5202-4A0C-9FB6-BD98C7333A63}.Release|x64.ActiveCfg = Release|x64
		{509F84CA-5202-4A0C-9FB6-BD98C7333A63}.Release|x64.Build.0 = Release|x64
		{509F84CA-5202-4A0C-9FB6-BD98C7333A63}.Release|x64.Deploy.0 = Release|x64
		{509F84CA-5202-4A0C-9FB6-BD98C7333A63}.Release|x86.ActiveCfg = Release|x86
		{509F84CA-5202-4A0C-9FB6-BD98C7333A63}.Release|x86.Build.0 = Release|x86
		{509F84CA-5202-4A0C-9FB6-BD98C7333A63}.Release|x86.Deploy.0 = Release|x86
	EndGlobalSection
	GlobalSection(SolutionProperties) = preSolution
		HideSolutionNode = FALSE
	EndGlobalSection
	GlobalSection(ExtensibilityGlobals) = postSolution
		SolutionGuid = {1E957A88-3E50-4630-83EE-A4794D757FFF}
	EndGlobalSection
EndGlobal
